
Microsoft Visual Studio Solution File, Format Version 12.00
Project("{FAE04EC0-301F-11D3-BF4B-00C04F79EFBC}") = "Slowback.MessageBus", "Slowback.MessageBus\Slowback.MessageBus.csproj", "{E94FCDA9-BD96-4B7A-8511-8BEF7D40DD94}"
EndProject
Project("{FAE04EC0-301F-11D3-BF4B-00C04F79EFBC}") = "Slowback.MessageBus.Tests", "Slowback.MessageBus.Tests\Slowback.MessageBus.Tests.csproj", "{9DDF8FBD-DD5D-4894-9CB2-80A145B10606}"
EndProject
Project("{FAE04EC0-301F-11D3-BF4B-00C04F79EFBC}") = "Slowback.Validator", "Slowback.Validator\Slowback.Validator.csproj", "{E338D056-B7AE-42C6-A670-F66E4652F6D8}"
EndProject
Project("{FAE04EC0-301F-11D3-BF4B-00C04F79EFBC}") = "Slowback.Validator.Tests", "Slowback.Validator.Tests\Slowback.Validator.Tests.csproj", "{EC02691D-4781-4223-91B3-C03BA127FF1B}"
EndProject
Project("{FAE04EC0-301F-11D3-BF4B-00C04F79EFBC}") = "Slowback.Logger", "Slowback.Logger\Slowback.Logger.csproj", "{062AC096-87D5-4256-B921-EDF3DE53639F}"
EndProject
Project("{FAE04EC0-301F-11D3-BF4B-00C04F79EFBC}") = "Slowback.Logger.Tests", "Slowback.Logger.Tests\Slowback.Logger.Tests.csproj", "{21FB07D0-A841-48B8-B6CC-71664F5E889F}"
EndProject
Project("{FAE04EC0-301F-11D3-BF4B-00C04F79EFBC}") = "Slowback.Time.Tests", "Slowback.Time.Tests\Slowback.Time.Tests.csproj", "{C6C7CB8C-F646-43C2-BEDE-6A7FF756E19F}"
EndProject
Project("{FAE04EC0-301F-11D3-BF4B-00C04F79EFBC}") = "Slowback.Time", "Slowback.Time\Slowback.Time.csproj", "{F05B1B4F-1404-4242-9D42-7064B2B6AE3F}"
EndProject
Project("{FAE04EC0-301F-11D3-BF4B-00C04F79EFBC}") = "Slowback.TestUtilities", "Slowback.TestUtilities\Slowback.TestUtilities.csproj", "{CA020296-57E2-45F6-86FE-4CDA36FE76B9}"
EndProject
Global
	GlobalSection(SolutionConfigurationPlatforms) = preSolution
		Debug|Any CPU = Debug|Any CPU
		Release|Any CPU = Release|Any CPU
	EndGlobalSection
	GlobalSection(ProjectConfigurationPlatforms) = postSolution
		{E94FCDA9-BD96-4B7A-8511-8BEF7D40DD94}.Debug|Any CPU.ActiveCfg = Debug|Any CPU
		{E94FCDA9-BD96-4B7A-8511-8BEF7D40DD94}.Debug|Any CPU.Build.0 = Debug|Any CPU
		{E94FCDA9-BD96-4B7A-8511-8BEF7D40DD94}.Release|Any CPU.ActiveCfg = Release|Any CPU
		{E94FCDA9-BD96-4B7A-8511-8BEF7D40DD94}.Release|Any CPU.Build.0 = Release|Any CPU
		{9DDF8FBD-DD5D-4894-9CB2-80A145B10606}.Debug|Any CPU.ActiveCfg = Debug|Any CPU
		{9DDF8FBD-DD5D-4894-9CB2-80A145B10606}.Debug|Any CPU.Build.0 = Debug|Any CPU
		{9DDF8FBD-DD5D-4894-9CB2-80A145B10606}.Release|Any CPU.ActiveCfg = Release|Any CPU
		{9DDF8FBD-DD5D-4894-9CB2-80A145B10606}.Release|Any CPU.Build.0 = Release|Any CPU
		{C5A71226-9282-461F-A642-58C0F5BBCA86}.Debug|Any CPU.ActiveCfg = Debug|Any CPU
		{C5A71226-9282-461F-A642-58C0F5BBCA86}.Debug|Any CPU.Build.0 = Debug|Any CPU
		{C5A71226-9282-461F-A642-58C0F5BBCA86}.Release|Any CPU.ActiveCfg = Release|Any CPU
		{C5A71226-9282-461F-A642-58C0F5BBCA86}.Release|Any CPU.Build.0 = Release|Any CPU
		{8D352B4F-92CD-4854-A55D-CF24EB417093}.Debug|Any CPU.ActiveCfg = Debug|Any CPU
		{8D352B4F-92CD-4854-A55D-CF24EB417093}.Debug|Any CPU.Build.0 = Debug|Any CPU
		{8D352B4F-92CD-4854-A55D-CF24EB417093}.Release|Any CPU.ActiveCfg = Release|Any CPU
		{8D352B4F-92CD-4854-A55D-CF24EB417093}.Release|Any CPU.Build.0 = Release|Any CPU
		{E338D056-B7AE-42C6-A670-F66E4652F6D8}.Debug|Any CPU.ActiveCfg = Debug|Any CPU
		{E338D056-B7AE-42C6-A670-F66E4652F6D8}.Debug|Any CPU.Build.0 = Debug|Any CPU
		{E338D056-B7AE-42C6-A670-F66E4652F6D8}.Release|Any CPU.ActiveCfg = Release|Any CPU
		{E338D056-B7AE-42C6-A670-F66E4652F6D8}.Release|Any CPU.Build.0 = Release|Any CPU
		{EC02691D-4781-4223-91B3-C03BA127FF1B}.Debug|Any CPU.ActiveCfg = Debug|Any CPU
		{EC02691D-4781-4223-91B3-C03BA127FF1B}.Debug|Any CPU.Build.0 = Debug|Any CPU
		{EC02691D-4781-4223-91B3-C03BA127FF1B}.Release|Any CPU.ActiveCfg = Release|Any CPU
		{EC02691D-4781-4223-91B3-C03BA127FF1B}.Release|Any CPU.Build.0 = Release|Any CPU
		{062AC096-87D5-4256-B921-EDF3DE53639F}.Debug|Any CPU.ActiveCfg = Debug|Any CPU
		{062AC096-87D5-4256-B921-EDF3DE53639F}.Debug|Any CPU.Build.0 = Debug|Any CPU
		{062AC096-87D5-4256-B921-EDF3DE53639F}.Release|Any CPU.ActiveCfg = Release|Any CPU
		{062AC096-87D5-4256-B921-EDF3DE53639F}.Release|Any CPU.Build.0 = Release|Any CPU
		{21FB07D0-A841-48B8-B6CC-71664F5E889F}.Debug|Any CPU.ActiveCfg = Debug|Any CPU
		{21FB07D0-A841-48B8-B6CC-71664F5E889F}.Debug|Any CPU.Build.0 = Debug|Any CPU
		{21FB07D0-A841-48B8-B6CC-71664F5E889F}.Release|Any CPU.ActiveCfg = Release|Any CPU
		{21FB07D0-A841-48B8-B6CC-71664F5E889F}.Release|Any CPU.Build.0 = Release|Any CPU
		{C6C7CB8C-F646-43C2-BEDE-6A7FF756E19F}.Debug|Any CPU.ActiveCfg = Debug|Any CPU
		{C6C7CB8C-F646-43C2-BEDE-6A7FF756E19F}.Debug|Any CPU.Build.0 = Debug|Any CPU
		{C6C7CB8C-F646-43C2-BEDE-6A7FF756E19F}.Release|Any CPU.ActiveCfg = Release|Any CPU
		{C6C7CB8C-F646-43C2-BEDE-6A7FF756E19F}.Release|Any CPU.Build.0 = Release|Any CPU
		{F05B1B4F-1404-4242-9D42-7064B2B6AE3F}.Debug|Any CPU.ActiveCfg = Debug|Any CPU
		{F05B1B4F-1404-4242-9D42-7064B2B6AE3F}.Debug|Any CPU.Build.0 = Debug|Any CPU
		{F05B1B4F-1404-4242-9D42-7064B2B6AE3F}.Release|Any CPU.ActiveCfg = Release|Any CPU
		{F05B1B4F-1404-4242-9D42-7064B2B6AE3F}.Release|Any CPU.Build.0 = Release|Any CPU
		{CA020296-57E2-45F6-86FE-4CDA36FE76B9}.Debug|Any CPU.ActiveCfg = Debug|Any CPU
		{CA020296-57E2-45F6-86FE-4CDA36FE76B9}.Debug|Any CPU.Build.0 = Debug|Any CPU
		{CA020296-57E2-45F6-86FE-4CDA36FE76B9}.Release|Any CPU.ActiveCfg = Release|Any CPU
		{CA020296-57E2-45F6-86FE-4CDA36FE76B9}.Release|Any CPU.Build.0 = Release|Any CPU
	EndGlobalSection
	GlobalSection(NestedProjects) = preSolution
	EndGlobalSection
EndGlobal
