
Microsoft Visual Studio Solution File, Format Version 12.00
Project("{FAE04EC0-301F-11D3-BF4B-00C04F79EFBC}") = "Slowback.Messaging", "Slowback.Messaging\Slowback.Messaging.csproj", "{E94FCDA9-BD96-4B7A-8511-8BEF7D40DD94}"
EndProject
Project("{FAE04EC0-301F-11D3-BF4B-00C04F79EFBC}") = "Slowback.Messaging.Tests", "Slowback.Messaging.Tests\Slowback.Messaging.Tests.csproj", "{9DDF8FBD-DD5D-4894-9CB2-80A145B10606}"
EndProject
Project("{FAE04EC0-301F-11D3-BF4B-00C04F79EFBC}") = "Slowback.Validator", "Slowback.Validator\Slowback.Validator.csproj", "{E338D056-B7AE-42C6-A670-F66E4652F6D8}"
EndProject
Project("{FAE04EC0-301F-11D3-BF4B-00C04F79EFBC}") = "Slowback.Validator.Tests", "Slowback.Validator.Tests\Slowback.Validator.Tests.csproj", "{EC02691D-4781-4223-91B3-C03BA127FF1B}"
EndProject
Project("{FAE04EC0-301F-11D3-BF4B-00C04F79EFBC}") = "Slowback.Logger", "Slowback.Logger\Slowback.Logger.csproj", "{062AC096-87D5-4256-B921-EDF3DE53639F}"
EndProject
Project("{FAE04EC0-301F-11D3-BF4B-00C04F79EFBC}") = "Slowback.Logger.Tests", "Slowback.Logger.Tests\Slowback.Logger.Tests.csproj", "{21FB07D0-A841-48B8-B6CC-71664F5E889F}"
EndProject
Project("{FAE04EC0-301F-11D3-BF4B-00C04F79EFBC}") = "Slowback.Time.Tests", "Slowback.Time.Tests\Slowback.Time.Tests.csproj", "{C6C7CB8C-F646-43C2-BEDE-6A7FF756E19F}"
EndProject
Project("{FAE04EC0-301F-11D3-BF4B-00C04F79EFBC}") = "Slowback.Time", "Slowback.Time\Slowback.Time.csproj", "{F05B1B4F-1404-4242-9D42-7064B2B6AE3F}"
EndProject
Project("{FAE04EC0-301F-11D3-BF4B-00C04F79EFBC}") = "Slowback.TestUtilities", "Slowback.TestUtilities\Slowback.TestUtilities.csproj", "{CA020296-57E2-45F6-86FE-4CDA36FE76B9}"
EndProject
Project("{2150E333-8FDC-42A3-9474-1A3956D46DE8}") = "Infrastructure", "Infrastructure", "{91D9D0FE-EA3F-4617-91CE-B56AE3580A12}"
EndProject
Project("{FAE04EC0-301F-11D3-BF4B-00C04F79EFBC}") = "Slowback.SampleProject.WebAPI", "Slowback.SampleProject.WebAPI\Slowback.SampleProject.WebAPI.csproj", "{73DDA69A-5194-4BC6-82DB-BCAE1C6C4EC5}"
EndProject
Project("{FAE04EC0-301F-11D3-BF4B-00C04F79EFBC}") = "Slowback.Common", "Slowback.Common\Slowback.Common.csproj", "{F52D9993-07CF-416B-82C6-98E4F8586813}"
EndProject
Project("{FAE04EC0-301F-11D3-BF4B-00C04F79EFBC}") = "Slowback.SampleProject.WebAPI.Tests", "Slowback.SampleProject.WebAPI.Tests\Slowback.SampleProject.WebAPI.Tests.csproj", "{896A46BF-81DB-4922-B5A9-53A3C9670174}"
EndProject
Project("{2150E333-8FDC-42A3-9474-1A3956D46DE8}") = "SampleProject", "SampleProject", "{DF1ECD43-9D25-44D3-8939-C53AA1513AA0}"
EndProject
Project("{2150E333-8FDC-42A3-9474-1A3956D46DE8}") = "Data", "Data", "{BF662044-9B9C-4E26-9DD0-5ADE0F0B9CAA}"
EndProject
Project("{FAE04EC0-301F-11D3-BF4B-00C04F79EFBC}") = "Slowback.Data.Core.EF", "Slowback.Data.Core.EF\Slowback.Data.Core.EF.csproj", "{2A9A48B4-F9AA-47B4-83CD-DEE758E72588}"
EndProject
Project("{FAE04EC0-301F-11D3-BF4B-00C04F79EFBC}") = "Slowback.SampleProject.Data.Core", "Slowback.SampleProject.Data.Core\Slowback.SampleProject.Data.Core.csproj", "{B67A7EBE-64A5-45AE-B5FB-9CC73473B275}"
EndProject
Project("{FAE04EC0-301F-11D3-BF4B-00C04F79EFBC}") = "Slowback.SampleProject.Data.ToDo", "Slowback.SampleProject.Data.ToDo\Slowback.SampleProject.Data.ToDo.csproj", "{49984775-AB9A-4E6E-A25E-5D6D561EA332}"
EndProject
Project("{FAE04EC0-301F-11D3-BF4B-00C04F79EFBC}") = "Slowback.SampleProject.Data.ToDo.Tests", "Slowback.SampleProject.Data.ToDo.Tests\Slowback.SampleProject.Data.ToDo.Tests.csproj", "{1086A826-D7A0-43D8-BD17-AC3A92F89E23}"
EndProject
Project("{FAE04EC0-301F-11D3-BF4B-00C04F79EFBC}") = "Slowback.Mailer", "Slowback.Mailer\Slowback.Mailer.csproj", "{42620A50-4965-4124-968E-58694481FCB3}"
EndProject
Project("{FAE04EC0-301F-11D3-BF4B-00C04F79EFBC}") = "Slowback.Mailer.Tests", "Slowback.Mailer.Tests\Slowback.Mailer.Tests.csproj", "{60575646-B3E1-44B9-9C40-B123119C032F}"
EndProject
Project("{FAE04EC0-301F-11D3-BF4B-00C04F79EFBC}") = "Slowback.Mapper.Tests", "Slowback.Mapper.Tests\Slowback.Mapper.Tests.csproj", "{CDB5B236-72E9-4DF6-8025-925EC0FBE58E}"
EndProject
Project("{FAE04EC0-301F-11D3-BF4B-00C04F79EFBC}") = "Slowback.Mapper", "Slowback.Mapper\Slowback.Mapper.csproj", "{F3E92F61-5468-4C85-BDB1-7AFDDBB48D4A}"
EndProject
Project("{2150E333-8FDC-42A3-9474-1A3956D46DE8}") = "Data", "Data", "{1BAEF345-DCFB-4D38-A27D-C5E98659AC93}"
EndProject
Project("{FAE04EC0-301F-11D3-BF4B-00C04F79EFBC}") = "Slowback.Data.Core.Migrator", "Slowback.Data.Core.Migrator\Slowback.Data.Core.Migrator.csproj", "{C0B13C7A-9D70-4B82-A5DF-AF2763705A10}"
EndProject
Project("{FAE04EC0-301F-11D3-BF4B-00C04F79EFBC}") = "Slowback.Data.Core.Migrator.Tests", "Slowback.Data.Core.Migrator.Tests\Slowback.Data.Core.Migrator.Tests.csproj", "{F844BE17-B873-40C4-84AE-DDA377FCAF48}"
EndProject
Project("{FAE04EC0-301F-11D3-BF4B-00C04F79EFBC}") = "Slowback.SampleProject.Data.Migration", "Slowback.SampleProject.Data.Migration\Slowback.SampleProject.Data.Migration.csproj", "{A49D62C7-9C01-4AB5-8934-7DED2D2DE139}"
EndProject
Project("{FAE04EC0-301F-11D3-BF4B-00C04F79EFBC}") = "Slowback.SampleProject.Common", "Slowback.SampleProject.Common\Slowback.SampleProject.Common.csproj", "{5E1FF361-B910-4036-9505-C08B85525F5F}"
EndProject
Project("{FAE04EC0-301F-11D3-BF4B-00C04F79EFBC}") = "Slowback.SampleProject.Data.User", "Slowback.SampleProject.Data.User\Slowback.SampleProject.Data.User.csproj", "{7E77C1DF-D1E9-432E-AF73-697C30B299D1}"
EndProject
Project("{FAE04EC0-301F-11D3-BF4B-00C04F79EFBC}") = "Slowback.SampleProject.Data.User.Tests", "Slowback.SampleProject.Data.User.Tests\Slowback.SampleProject.Data.User.Tests.csproj", "{85109725-D343-4B24-93BE-2049441EB3F5}"
EndProject
Project("{2150E333-8FDC-42A3-9474-1A3956D46DE8}") = "Logic", "Logic", "{8A92DF53-EAB2-4A4D-BF2F-DF2B627E5F01}"
EndProject
Project("{FAE04EC0-301F-11D3-BF4B-00C04F79EFBC}") = "Slowback.SampleProject.Logic.Authentication", "Slowback.SampleProject.Logic.Authentication\Slowback.SampleProject.Logic.Authentication.csproj", "{DBBF02CA-EB5C-49EE-94C6-556486F61B4A}"
EndProject
Project("{FAE04EC0-301F-11D3-BF4B-00C04F79EFBC}") = "Slowback.SampleProject.Logic.Authentication.Tests", "Slowback.SampleProject.Logic.Authentication.Tests\Slowback.SampleProject.Logic.Authentication.Tests.csproj", "{F371FBC3-A5AB-425F-9EA4-5F2439EC7305}"
EndProject
Project("{FAE04EC0-301F-11D3-BF4B-00C04F79EFBC}") = "Slowback.SampleProject.Data.UnitOfWork", "Slowback.SampleProject.Data.UnitOfWork\Slowback.SampleProject.Data.UnitOfWork.csproj", "{09671AE6-7D8C-48A1-8DD4-7CAFD59A2A97}"
EndProject
Project("{FAE04EC0-301F-11D3-BF4B-00C04F79EFBC}") = "Slowback.SampleProject.Data.UnitOfWork.Tests", "Slowback.SampleProject.Data.UnitOfWork.Tests\Slowback.SampleProject.Data.UnitOfWork.Tests.csproj", "{90E34A54-4882-4932-8089-48E26CD0DCA5}"
EndProject
Project("{FAE04EC0-301F-11D3-BF4B-00C04F79EFBC}") = "Slowback.FeatureFlags", "Slowback.FeatureFlags\Slowback.FeatureFlags.csproj", "{8D1105A8-BFB2-422E-A66F-1BC535844A47}"
EndProject
Project("{FAE04EC0-301F-11D3-BF4B-00C04F79EFBC}") = "Slowback.FeatureFlags.Tests", "Slowback.FeatureFlags.Tests\Slowback.FeatureFlags.Tests.csproj", "{312CD00B-F772-4416-8353-F3E46B0A5014}"
EndProject
Global
	GlobalSection(SolutionConfigurationPlatforms) = preSolution
		Debug|Any CPU = Debug|Any CPU
		Release|Any CPU = Release|Any CPU
	EndGlobalSection
	GlobalSection(ProjectConfigurationPlatforms) = postSolution
		{E94FCDA9-BD96-4B7A-8511-8BEF7D40DD94}.Debug|Any CPU.ActiveCfg = Debug|Any CPU
		{E94FCDA9-BD96-4B7A-8511-8BEF7D40DD94}.Debug|Any CPU.Build.0 = Debug|Any CPU
		{E94FCDA9-BD96-4B7A-8511-8BEF7D40DD94}.Release|Any CPU.ActiveCfg = Release|Any CPU
		{E94FCDA9-BD96-4B7A-8511-8BEF7D40DD94}.Release|Any CPU.Build.0 = Release|Any CPU
		{9DDF8FBD-DD5D-4894-9CB2-80A145B10606}.Debug|Any CPU.ActiveCfg = Debug|Any CPU
		{9DDF8FBD-DD5D-4894-9CB2-80A145B10606}.Debug|Any CPU.Build.0 = Debug|Any CPU
		{9DDF8FBD-DD5D-4894-9CB2-80A145B10606}.Release|Any CPU.ActiveCfg = Release|Any CPU
		{9DDF8FBD-DD5D-4894-9CB2-80A145B10606}.Release|Any CPU.Build.0 = Release|Any CPU
		{C5A71226-9282-461F-A642-58C0F5BBCA86}.Debug|Any CPU.ActiveCfg = Debug|Any CPU
		{C5A71226-9282-461F-A642-58C0F5BBCA86}.Debug|Any CPU.Build.0 = Debug|Any CPU
		{C5A71226-9282-461F-A642-58C0F5BBCA86}.Release|Any CPU.ActiveCfg = Release|Any CPU
		{C5A71226-9282-461F-A642-58C0F5BBCA86}.Release|Any CPU.Build.0 = Release|Any CPU
		{8D352B4F-92CD-4854-A55D-CF24EB417093}.Debug|Any CPU.ActiveCfg = Debug|Any CPU
		{8D352B4F-92CD-4854-A55D-CF24EB417093}.Debug|Any CPU.Build.0 = Debug|Any CPU
		{8D352B4F-92CD-4854-A55D-CF24EB417093}.Release|Any CPU.ActiveCfg = Release|Any CPU
		{8D352B4F-92CD-4854-A55D-CF24EB417093}.Release|Any CPU.Build.0 = Release|Any CPU
		{E338D056-B7AE-42C6-A670-F66E4652F6D8}.Debug|Any CPU.ActiveCfg = Debug|Any CPU
		{E338D056-B7AE-42C6-A670-F66E4652F6D8}.Debug|Any CPU.Build.0 = Debug|Any CPU
		{E338D056-B7AE-42C6-A670-F66E4652F6D8}.Release|Any CPU.ActiveCfg = Release|Any CPU
		{E338D056-B7AE-42C6-A670-F66E4652F6D8}.Release|Any CPU.Build.0 = Release|Any CPU
		{EC02691D-4781-4223-91B3-C03BA127FF1B}.Debug|Any CPU.ActiveCfg = Debug|Any CPU
		{EC02691D-4781-4223-91B3-C03BA127FF1B}.Debug|Any CPU.Build.0 = Debug|Any CPU
		{EC02691D-4781-4223-91B3-C03BA127FF1B}.Release|Any CPU.ActiveCfg = Release|Any CPU
		{EC02691D-4781-4223-91B3-C03BA127FF1B}.Release|Any CPU.Build.0 = Release|Any CPU
		{062AC096-87D5-4256-B921-EDF3DE53639F}.Debug|Any CPU.ActiveCfg = Debug|Any CPU
		{062AC096-87D5-4256-B921-EDF3DE53639F}.Debug|Any CPU.Build.0 = Debug|Any CPU
		{062AC096-87D5-4256-B921-EDF3DE53639F}.Release|Any CPU.ActiveCfg = Release|Any CPU
		{062AC096-87D5-4256-B921-EDF3DE53639F}.Release|Any CPU.Build.0 = Release|Any CPU
		{21FB07D0-A841-48B8-B6CC-71664F5E889F}.Debug|Any CPU.ActiveCfg = Debug|Any CPU
		{21FB07D0-A841-48B8-B6CC-71664F5E889F}.Debug|Any CPU.Build.0 = Debug|Any CPU
		{21FB07D0-A841-48B8-B6CC-71664F5E889F}.Release|Any CPU.ActiveCfg = Release|Any CPU
		{21FB07D0-A841-48B8-B6CC-71664F5E889F}.Release|Any CPU.Build.0 = Release|Any CPU
		{C6C7CB8C-F646-43C2-BEDE-6A7FF756E19F}.Debug|Any CPU.ActiveCfg = Debug|Any CPU
		{C6C7CB8C-F646-43C2-BEDE-6A7FF756E19F}.Debug|Any CPU.Build.0 = Debug|Any CPU
		{C6C7CB8C-F646-43C2-BEDE-6A7FF756E19F}.Release|Any CPU.ActiveCfg = Release|Any CPU
		{C6C7CB8C-F646-43C2-BEDE-6A7FF756E19F}.Release|Any CPU.Build.0 = Release|Any CPU
		{F05B1B4F-1404-4242-9D42-7064B2B6AE3F}.Debug|Any CPU.ActiveCfg = Debug|Any CPU
		{F05B1B4F-1404-4242-9D42-7064B2B6AE3F}.Debug|Any CPU.Build.0 = Debug|Any CPU
		{F05B1B4F-1404-4242-9D42-7064B2B6AE3F}.Release|Any CPU.ActiveCfg = Release|Any CPU
		{F05B1B4F-1404-4242-9D42-7064B2B6AE3F}.Release|Any CPU.Build.0 = Release|Any CPU
		{CA020296-57E2-45F6-86FE-4CDA36FE76B9}.Debug|Any CPU.ActiveCfg = Debug|Any CPU
		{CA020296-57E2-45F6-86FE-4CDA36FE76B9}.Debug|Any CPU.Build.0 = Debug|Any CPU
		{CA020296-57E2-45F6-86FE-4CDA36FE76B9}.Release|Any CPU.ActiveCfg = Release|Any CPU
		{CA020296-57E2-45F6-86FE-4CDA36FE76B9}.Release|Any CPU.Build.0 = Release|Any CPU
		{73DDA69A-5194-4BC6-82DB-BCAE1C6C4EC5}.Debug|Any CPU.ActiveCfg = Debug|Any CPU
		{73DDA69A-5194-4BC6-82DB-BCAE1C6C4EC5}.Debug|Any CPU.Build.0 = Debug|Any CPU
		{73DDA69A-5194-4BC6-82DB-BCAE1C6C4EC5}.Release|Any CPU.ActiveCfg = Release|Any CPU
		{73DDA69A-5194-4BC6-82DB-BCAE1C6C4EC5}.Release|Any CPU.Build.0 = Release|Any CPU
		{F52D9993-07CF-416B-82C6-98E4F8586813}.Debug|Any CPU.ActiveCfg = Debug|Any CPU
		{F52D9993-07CF-416B-82C6-98E4F8586813}.Debug|Any CPU.Build.0 = Debug|Any CPU
		{F52D9993-07CF-416B-82C6-98E4F8586813}.Release|Any CPU.ActiveCfg = Release|Any CPU
		{F52D9993-07CF-416B-82C6-98E4F8586813}.Release|Any CPU.Build.0 = Release|Any CPU
		{896A46BF-81DB-4922-B5A9-53A3C9670174}.Debug|Any CPU.ActiveCfg = Debug|Any CPU
		{896A46BF-81DB-4922-B5A9-53A3C9670174}.Debug|Any CPU.Build.0 = Debug|Any CPU
		{896A46BF-81DB-4922-B5A9-53A3C9670174}.Release|Any CPU.ActiveCfg = Release|Any CPU
		{896A46BF-81DB-4922-B5A9-53A3C9670174}.Release|Any CPU.Build.0 = Release|Any CPU
		{2A9A48B4-F9AA-47B4-83CD-DEE758E72588}.Debug|Any CPU.ActiveCfg = Debug|Any CPU
		{2A9A48B4-F9AA-47B4-83CD-DEE758E72588}.Debug|Any CPU.Build.0 = Debug|Any CPU
		{2A9A48B4-F9AA-47B4-83CD-DEE758E72588}.Release|Any CPU.ActiveCfg = Release|Any CPU
		{2A9A48B4-F9AA-47B4-83CD-DEE758E72588}.Release|Any CPU.Build.0 = Release|Any CPU
		{B67A7EBE-64A5-45AE-B5FB-9CC73473B275}.Debug|Any CPU.ActiveCfg = Debug|Any CPU
		{B67A7EBE-64A5-45AE-B5FB-9CC73473B275}.Debug|Any CPU.Build.0 = Debug|Any CPU
		{B67A7EBE-64A5-45AE-B5FB-9CC73473B275}.Release|Any CPU.ActiveCfg = Release|Any CPU
		{B67A7EBE-64A5-45AE-B5FB-9CC73473B275}.Release|Any CPU.Build.0 = Release|Any CPU
		{49984775-AB9A-4E6E-A25E-5D6D561EA332}.Debug|Any CPU.ActiveCfg = Debug|Any CPU
		{49984775-AB9A-4E6E-A25E-5D6D561EA332}.Debug|Any CPU.Build.0 = Debug|Any CPU
		{49984775-AB9A-4E6E-A25E-5D6D561EA332}.Release|Any CPU.ActiveCfg = Release|Any CPU
		{49984775-AB9A-4E6E-A25E-5D6D561EA332}.Release|Any CPU.Build.0 = Release|Any CPU
		{1086A826-D7A0-43D8-BD17-AC3A92F89E23}.Debug|Any CPU.ActiveCfg = Debug|Any CPU
		{1086A826-D7A0-43D8-BD17-AC3A92F89E23}.Debug|Any CPU.Build.0 = Debug|Any CPU
		{1086A826-D7A0-43D8-BD17-AC3A92F89E23}.Release|Any CPU.ActiveCfg = Release|Any CPU
		{1086A826-D7A0-43D8-BD17-AC3A92F89E23}.Release|Any CPU.Build.0 = Release|Any CPU
		{42620A50-4965-4124-968E-58694481FCB3}.Debug|Any CPU.ActiveCfg = Debug|Any CPU
		{42620A50-4965-4124-968E-58694481FCB3}.Debug|Any CPU.Build.0 = Debug|Any CPU
		{42620A50-4965-4124-968E-58694481FCB3}.Release|Any CPU.ActiveCfg = Release|Any CPU
		{42620A50-4965-4124-968E-58694481FCB3}.Release|Any CPU.Build.0 = Release|Any CPU
		{60575646-B3E1-44B9-9C40-B123119C032F}.Debug|Any CPU.ActiveCfg = Debug|Any CPU
		{60575646-B3E1-44B9-9C40-B123119C032F}.Debug|Any CPU.Build.0 = Debug|Any CPU
		{60575646-B3E1-44B9-9C40-B123119C032F}.Release|Any CPU.ActiveCfg = Release|Any CPU
		{60575646-B3E1-44B9-9C40-B123119C032F}.Release|Any CPU.Build.0 = Release|Any CPU
		{CDB5B236-72E9-4DF6-8025-925EC0FBE58E}.Debug|Any CPU.ActiveCfg = Debug|Any CPU
		{CDB5B236-72E9-4DF6-8025-925EC0FBE58E}.Debug|Any CPU.Build.0 = Debug|Any CPU
		{CDB5B236-72E9-4DF6-8025-925EC0FBE58E}.Release|Any CPU.ActiveCfg = Release|Any CPU
		{CDB5B236-72E9-4DF6-8025-925EC0FBE58E}.Release|Any CPU.Build.0 = Release|Any CPU
		{F3E92F61-5468-4C85-BDB1-7AFDDBB48D4A}.Debug|Any CPU.ActiveCfg = Debug|Any CPU
		{F3E92F61-5468-4C85-BDB1-7AFDDBB48D4A}.Debug|Any CPU.Build.0 = Debug|Any CPU
		{F3E92F61-5468-4C85-BDB1-7AFDDBB48D4A}.Release|Any CPU.ActiveCfg = Release|Any CPU
		{F3E92F61-5468-4C85-BDB1-7AFDDBB48D4A}.Release|Any CPU.Build.0 = Release|Any CPU
		{C0B13C7A-9D70-4B82-A5DF-AF2763705A10}.Debug|Any CPU.ActiveCfg = Debug|Any CPU
		{C0B13C7A-9D70-4B82-A5DF-AF2763705A10}.Debug|Any CPU.Build.0 = Debug|Any CPU
		{C0B13C7A-9D70-4B82-A5DF-AF2763705A10}.Release|Any CPU.ActiveCfg = Release|Any CPU
		{C0B13C7A-9D70-4B82-A5DF-AF2763705A10}.Release|Any CPU.Build.0 = Release|Any CPU
		{F844BE17-B873-40C4-84AE-DDA377FCAF48}.Debug|Any CPU.ActiveCfg = Debug|Any CPU
		{F844BE17-B873-40C4-84AE-DDA377FCAF48}.Debug|Any CPU.Build.0 = Debug|Any CPU
		{F844BE17-B873-40C4-84AE-DDA377FCAF48}.Release|Any CPU.ActiveCfg = Release|Any CPU
		{F844BE17-B873-40C4-84AE-DDA377FCAF48}.Release|Any CPU.Build.0 = Release|Any CPU
		{A49D62C7-9C01-4AB5-8934-7DED2D2DE139}.Debug|Any CPU.ActiveCfg = Debug|Any CPU
		{A49D62C7-9C01-4AB5-8934-7DED2D2DE139}.Debug|Any CPU.Build.0 = Debug|Any CPU
		{A49D62C7-9C01-4AB5-8934-7DED2D2DE139}.Release|Any CPU.ActiveCfg = Release|Any CPU
		{A49D62C7-9C01-4AB5-8934-7DED2D2DE139}.Release|Any CPU.Build.0 = Release|Any CPU
		{5E1FF361-B910-4036-9505-C08B85525F5F}.Debug|Any CPU.ActiveCfg = Debug|Any CPU
		{5E1FF361-B910-4036-9505-C08B85525F5F}.Debug|Any CPU.Build.0 = Debug|Any CPU
		{5E1FF361-B910-4036-9505-C08B85525F5F}.Release|Any CPU.ActiveCfg = Release|Any CPU
		{5E1FF361-B910-4036-9505-C08B85525F5F}.Release|Any CPU.Build.0 = Release|Any CPU
		{7E77C1DF-D1E9-432E-AF73-697C30B299D1}.Debug|Any CPU.ActiveCfg = Debug|Any CPU
		{7E77C1DF-D1E9-432E-AF73-697C30B299D1}.Debug|Any CPU.Build.0 = Debug|Any CPU
		{7E77C1DF-D1E9-432E-AF73-697C30B299D1}.Release|Any CPU.ActiveCfg = Release|Any CPU
		{7E77C1DF-D1E9-432E-AF73-697C30B299D1}.Release|Any CPU.Build.0 = Release|Any CPU
		{85109725-D343-4B24-93BE-2049441EB3F5}.Debug|Any CPU.ActiveCfg = Debug|Any CPU
		{85109725-D343-4B24-93BE-2049441EB3F5}.Debug|Any CPU.Build.0 = Debug|Any CPU
		{85109725-D343-4B24-93BE-2049441EB3F5}.Release|Any CPU.ActiveCfg = Release|Any CPU
		{85109725-D343-4B24-93BE-2049441EB3F5}.Release|Any CPU.Build.0 = Release|Any CPU
		{DBBF02CA-EB5C-49EE-94C6-556486F61B4A}.Debug|Any CPU.ActiveCfg = Debug|Any CPU
		{DBBF02CA-EB5C-49EE-94C6-556486F61B4A}.Debug|Any CPU.Build.0 = Debug|Any CPU
		{DBBF02CA-EB5C-49EE-94C6-556486F61B4A}.Release|Any CPU.ActiveCfg = Release|Any CPU
		{DBBF02CA-EB5C-49EE-94C6-556486F61B4A}.Release|Any CPU.Build.0 = Release|Any CPU
		{F371FBC3-A5AB-425F-9EA4-5F2439EC7305}.Debug|Any CPU.ActiveCfg = Debug|Any CPU
		{F371FBC3-A5AB-425F-9EA4-5F2439EC7305}.Debug|Any CPU.Build.0 = Debug|Any CPU
		{F371FBC3-A5AB-425F-9EA4-5F2439EC7305}.Release|Any CPU.ActiveCfg = Release|Any CPU
		{F371FBC3-A5AB-425F-9EA4-5F2439EC7305}.Release|Any CPU.Build.0 = Release|Any CPU
		{09671AE6-7D8C-48A1-8DD4-7CAFD59A2A97}.Debug|Any CPU.ActiveCfg = Debug|Any CPU
		{09671AE6-7D8C-48A1-8DD4-7CAFD59A2A97}.Debug|Any CPU.Build.0 = Debug|Any CPU
		{09671AE6-7D8C-48A1-8DD4-7CAFD59A2A97}.Release|Any CPU.ActiveCfg = Release|Any CPU
		{09671AE6-7D8C-48A1-8DD4-7CAFD59A2A97}.Release|Any CPU.Build.0 = Release|Any CPU
		{90E34A54-4882-4932-8089-48E26CD0DCA5}.Debug|Any CPU.ActiveCfg = Debug|Any CPU
		{90E34A54-4882-4932-8089-48E26CD0DCA5}.Debug|Any CPU.Build.0 = Debug|Any CPU
		{90E34A54-4882-4932-8089-48E26CD0DCA5}.Release|Any CPU.ActiveCfg = Release|Any CPU
		{90E34A54-4882-4932-8089-48E26CD0DCA5}.Release|Any CPU.Build.0 = Release|Any CPU
		{8D1105A8-BFB2-422E-A66F-1BC535844A47}.Debug|Any CPU.ActiveCfg = Debug|Any CPU
		{8D1105A8-BFB2-422E-A66F-1BC535844A47}.Debug|Any CPU.Build.0 = Debug|Any CPU
		{8D1105A8-BFB2-422E-A66F-1BC535844A47}.Release|Any CPU.ActiveCfg = Release|Any CPU
		{8D1105A8-BFB2-422E-A66F-1BC535844A47}.Release|Any CPU.Build.0 = Release|Any CPU
		{312CD00B-F772-4416-8353-F3E46B0A5014}.Debug|Any CPU.ActiveCfg = Debug|Any CPU
		{312CD00B-F772-4416-8353-F3E46B0A5014}.Debug|Any CPU.Build.0 = Debug|Any CPU
		{312CD00B-F772-4416-8353-F3E46B0A5014}.Release|Any CPU.ActiveCfg = Release|Any CPU
		{312CD00B-F772-4416-8353-F3E46B0A5014}.Release|Any CPU.Build.0 = Release|Any CPU
	EndGlobalSection
	GlobalSection(NestedProjects) = preSolution
		{21FB07D0-A841-48B8-B6CC-71664F5E889F} = {91D9D0FE-EA3F-4617-91CE-B56AE3580A12}
		{F05B1B4F-1404-4242-9D42-7064B2B6AE3F} = {91D9D0FE-EA3F-4617-91CE-B56AE3580A12}
		{EC02691D-4781-4223-91B3-C03BA127FF1B} = {91D9D0FE-EA3F-4617-91CE-B56AE3580A12}
		{E338D056-B7AE-42C6-A670-F66E4652F6D8} = {91D9D0FE-EA3F-4617-91CE-B56AE3580A12}
		{9DDF8FBD-DD5D-4894-9CB2-80A145B10606} = {91D9D0FE-EA3F-4617-91CE-B56AE3580A12}
		{C6C7CB8C-F646-43C2-BEDE-6A7FF756E19F} = {91D9D0FE-EA3F-4617-91CE-B56AE3580A12}
		{062AC096-87D5-4256-B921-EDF3DE53639F} = {91D9D0FE-EA3F-4617-91CE-B56AE3580A12}
		{E94FCDA9-BD96-4B7A-8511-8BEF7D40DD94} = {91D9D0FE-EA3F-4617-91CE-B56AE3580A12}
		{73DDA69A-5194-4BC6-82DB-BCAE1C6C4EC5} = {DF1ECD43-9D25-44D3-8939-C53AA1513AA0}
		{896A46BF-81DB-4922-B5A9-53A3C9670174} = {DF1ECD43-9D25-44D3-8939-C53AA1513AA0}
		{2A9A48B4-F9AA-47B4-83CD-DEE758E72588} = {BF662044-9B9C-4E26-9DD0-5ADE0F0B9CAA}
		{42620A50-4965-4124-968E-58694481FCB3} = {91D9D0FE-EA3F-4617-91CE-B56AE3580A12}
		{60575646-B3E1-44B9-9C40-B123119C032F} = {91D9D0FE-EA3F-4617-91CE-B56AE3580A12}
		{CDB5B236-72E9-4DF6-8025-925EC0FBE58E} = {91D9D0FE-EA3F-4617-91CE-B56AE3580A12}
		{F3E92F61-5468-4C85-BDB1-7AFDDBB48D4A} = {91D9D0FE-EA3F-4617-91CE-B56AE3580A12}
		{1BAEF345-DCFB-4D38-A27D-C5E98659AC93} = {DF1ECD43-9D25-44D3-8939-C53AA1513AA0}
		{B67A7EBE-64A5-45AE-B5FB-9CC73473B275} = {1BAEF345-DCFB-4D38-A27D-C5E98659AC93}
		{49984775-AB9A-4E6E-A25E-5D6D561EA332} = {1BAEF345-DCFB-4D38-A27D-C5E98659AC93}
		{1086A826-D7A0-43D8-BD17-AC3A92F89E23} = {1BAEF345-DCFB-4D38-A27D-C5E98659AC93}
		{C0B13C7A-9D70-4B82-A5DF-AF2763705A10} = {BF662044-9B9C-4E26-9DD0-5ADE0F0B9CAA}
		{F844BE17-B873-40C4-84AE-DDA377FCAF48} = {BF662044-9B9C-4E26-9DD0-5ADE0F0B9CAA}
		{A49D62C7-9C01-4AB5-8934-7DED2D2DE139} = {1BAEF345-DCFB-4D38-A27D-C5E98659AC93}
		{5E1FF361-B910-4036-9505-C08B85525F5F} = {DF1ECD43-9D25-44D3-8939-C53AA1513AA0}
		{7E77C1DF-D1E9-432E-AF73-697C30B299D1} = {1BAEF345-DCFB-4D38-A27D-C5E98659AC93}
		{85109725-D343-4B24-93BE-2049441EB3F5} = {1BAEF345-DCFB-4D38-A27D-C5E98659AC93}
		{8A92DF53-EAB2-4A4D-BF2F-DF2B627E5F01} = {DF1ECD43-9D25-44D3-8939-C53AA1513AA0}
		{DBBF02CA-EB5C-49EE-94C6-556486F61B4A} = {8A92DF53-EAB2-4A4D-BF2F-DF2B627E5F01}
		{F371FBC3-A5AB-425F-9EA4-5F2439EC7305} = {8A92DF53-EAB2-4A4D-BF2F-DF2B627E5F01}
		{09671AE6-7D8C-48A1-8DD4-7CAFD59A2A97} = {1BAEF345-DCFB-4D38-A27D-C5E98659AC93}
		{90E34A54-4882-4932-8089-48E26CD0DCA5} = {1BAEF345-DCFB-4D38-A27D-C5E98659AC93}
		{8D1105A8-BFB2-422E-A66F-1BC535844A47} = {91D9D0FE-EA3F-4617-91CE-B56AE3580A12}
		{312CD00B-F772-4416-8353-F3E46B0A5014} = {91D9D0FE-EA3F-4617-91CE-B56AE3580A12}
	EndGlobalSection
EndGlobal
